
Microsoft Visual Studio Solution File, Format Version 12.00
# Visual Studio Version 17
VisualStudioVersion = 17.10.34928.147
MinimumVisualStudioVersion = 10.0.40219.1
Project("{FAE04EC0-301F-11D3-BF4B-00C04F79EFBC}") = "2D GAME", "2D GAME.csproj", "{EF00C003-2AE5-4073-9B87-E74DD8C50B50}"
EndProject
Global
	GlobalSection(SolutionConfigurationPlatforms) = preSolution
		Debug|Any CPU = Debug|Any CPU
		ExportDebug|Any CPU = ExportDebug|Any CPU
		ExportRelease|Any CPU = ExportRelease|Any CPU
	EndGlobalSection
	GlobalSection(ProjectConfigurationPlatforms) = postSolution
		{EF00C003-2AE5-4073-9B87-E74DD8C50B50}.Debug|Any CPU.ActiveCfg = Debug|Any CPU
		{EF00C003-2AE5-4073-9B87-E74DD8C50B50}.Debug|Any CPU.Build.0 = Debug|Any CPU
		{EF00C003-2AE5-4073-9B87-E74DD8C50B50}.ExportDebug|Any CPU.ActiveCfg = ExportDebug|Any CPU
		{EF00C003-2AE5-4073-9B87-E74DD8C50B50}.ExportDebug|Any CPU.Build.0 = ExportDebug|Any CPU
		{EF00C003-2AE5-4073-9B87-E74DD8C50B50}.ExportRelease|Any CPU.ActiveCfg = ExportRelease|Any CPU
		{EF00C003-2AE5-4073-9B87-E74DD8C50B50}.ExportRelease|Any CPU.Build.0 = ExportRelease|Any CPU
	EndGlobalSection
	GlobalSection(SolutionProperties) = preSolution
		HideSolutionNode = FALSE
	EndGlobalSection
	GlobalSection(ExtensibilityGlobals) = postSolution
		SolutionGuid = {C2D00871-8BDD-4281-B397-C9823AFBAA3A}
	EndGlobalSection
EndGlobal
